
Microsoft Visual Studio Solution File, Format Version 12.00
Project("{FAE04EC0-301F-11D3-BF4B-00C04F79EFBC}") = "Application", "Application\Application.csproj", "{4D243FCB-3089-44C6-8679-D88226E276C6}"
EndProject
Project("{FAE04EC0-301F-11D3-BF4B-00C04F79EFBC}") = "Domain", "Domain\Domain.csproj", "{C644A7C8-5475-41AD-B76E-44316DA25510}"
EndProject
Project("{FAE04EC0-301F-11D3-BF4B-00C04F79EFBC}") = "FileData", "FileData\FileData.csproj", "{77202A46-CCB4-49F8-87AB-B15150E7A400}"
EndProject
Project("{FAE04EC0-301F-11D3-BF4B-00C04F79EFBC}") = "WebAPI", "WebAPI\WebAPI.csproj", "{649AAC36-817F-4441-BDE7-598988F10363}"
EndProject
Global
	GlobalSection(SolutionConfigurationPlatforms) = preSolution
		Debug|Any CPU = Debug|Any CPU
		Release|Any CPU = Release|Any CPU
	EndGlobalSection
	GlobalSection(ProjectConfigurationPlatforms) = postSolution
		{4D243FCB-3089-44C6-8679-D88226E276C6}.Debug|Any CPU.ActiveCfg = Debug|Any CPU
		{4D243FCB-3089-44C6-8679-D88226E276C6}.Debug|Any CPU.Build.0 = Debug|Any CPU
		{4D243FCB-3089-44C6-8679-D88226E276C6}.Release|Any CPU.ActiveCfg = Release|Any CPU
		{4D243FCB-3089-44C6-8679-D88226E276C6}.Release|Any CPU.Build.0 = Release|Any CPU
		{C644A7C8-5475-41AD-B76E-44316DA25510}.Debug|Any CPU.ActiveCfg = Debug|Any CPU
		{C644A7C8-5475-41AD-B76E-44316DA25510}.Debug|Any CPU.Build.0 = Debug|Any CPU
		{C644A7C8-5475-41AD-B76E-44316DA25510}.Release|Any CPU.ActiveCfg = Release|Any CPU
		{C644A7C8-5475-41AD-B76E-44316DA25510}.Release|Any CPU.Build.0 = Release|Any CPU
		{77202A46-CCB4-49F8-87AB-B15150E7A400}.Debug|Any CPU.ActiveCfg = Debug|Any CPU
		{77202A46-CCB4-49F8-87AB-B15150E7A400}.Debug|Any CPU.Build.0 = Debug|Any CPU
		{77202A46-CCB4-49F8-87AB-B15150E7A400}.Release|Any CPU.ActiveCfg = Release|Any CPU
		{77202A46-CCB4-49F8-87AB-B15150E7A400}.Release|Any CPU.Build.0 = Release|Any CPU
		{649AAC36-817F-4441-BDE7-598988F10363}.Debug|Any CPU.ActiveCfg = Debug|Any CPU
		{649AAC36-817F-4441-BDE7-598988F10363}.Debug|Any CPU.Build.0 = Debug|Any CPU
		{649AAC36-817F-4441-BDE7-598988F10363}.Release|Any CPU.ActiveCfg = Release|Any CPU
		{649AAC36-817F-4441-BDE7-598988F10363}.Release|Any CPU.Build.0 = Release|Any CPU
	EndGlobalSection
EndGlobal
